<?xml version="1.0" encoding="UTF-8" standalone="yes" ?>
<CodeBlocks_project_file>
	<FileVersion major="1" minor="6" />
	<Project>
		<Option title="antbattleserver" />
		<Option pch_mode="2" />
		<Option compiler="gcc" />
		<Build>
			<Target title="Debug">
				<Option output="./antbattleserver" prefix_auto="1" extension_auto="1" />
				<Option object_output="obj/Debug/" />
				<Option type="1" />
				<Option compiler="gcc" />
				<Compiler>
					<Add option="-g" />
				</Compiler>
			</Target>
			<Target title="Release">
				<Option output="./antbattleserver" prefix_auto="1" extension_auto="1" />
				<Option object_output="obj/Release/" />
				<Option type="1" />
				<Option compiler="gcc" />
				<Compiler>
					<Add option="-O2" />
				</Compiler>
				<Linker>
					<Add option="-s" />
				</Linker>
			</Target>
		</Build>
		<Compiler>
			<Add option="-Wall" />
			<Add directory="../../include" />
			<Add directory="D:/MATech/Prog/3rd/boost-1.30.2" />
		</Compiler>
		<Linker>
			<Add library="boost_thread" />
		</Linker>
		<Unit filename="../../src/AntClient.cpp" />
		<Unit filename="../../src/AntServer.cpp" />
		<Unit filename="../../src/HTTPServer.cpp" />
		<Unit filename="../../src/MMap.cpp" />
		<Unit filename="../../src/MMapObject.cpp" />
		<Unit filename="../../src/MPNLBase.cpp" />
		<Unit filename="../../src/MStats.cpp" />
		<Unit filename="../../src/MThread.cpp" />
		<Unit filename="../../src/MUtils.cpp" />
		<Unit filename="../../src/NetMsgUtils.cpp" />
		<Unit filename="../../src/main.cpp" />
		<Extensions>
			<code_completion />
			<debugger />
		</Extensions>
	</Project>
</CodeBlocks_project_file>
